// !$*UTF8*$!
{
	archiveVersion = 1;
	classes = {
	};
	objectVersion = 56;
	objects = {

/* Begin PBXBuildFile section */
		ED49FB3A29E71E38002FB9E6 /* AppDelegate.swift in Sources */ = {isa = PBXBuildFile; fileRef = ED49FB3929E71E38002FB9E6 /* AppDelegate.swift */; };
		ED49FB3C29E71E38002FB9E6 /* SceneDelegate.swift in Sources */ = {isa = PBXBuildFile; fileRef = ED49FB3B29E71E38002FB9E6 /* SceneDelegate.swift */; };
		ED49FB3E29E71E38002FB9E6 /* ViewController.swift in Sources */ = {isa = PBXBuildFile; fileRef = ED49FB3D29E71E38002FB9E6 /* ViewController.swift */; };
		ED49FB4429E71E38002FB9E6 /* My_Car_Project.xcdatamodeld in Sources */ = {isa = PBXBuildFile; fileRef = ED49FB4229E71E38002FB9E6 /* My_Car_Project.xcdatamodeld */; };
		ED49FB4629E71E3A002FB9E6 /* Assets.xcassets in Resources */ = {isa = PBXBuildFile; fileRef = ED49FB4529E71E3A002FB9E6 /* Assets.xcassets */; };
		ED49FB4929E71E3A002FB9E6 /* LaunchScreen.storyboard in Resources */ = {isa = PBXBuildFile; fileRef = ED49FB4729E71E3A002FB9E6 /* LaunchScreen.storyboard */; };
		ED49FB5229E721F5002FB9E6 /* .gitignore in Resources */ = {isa = PBXBuildFile; fileRef = ED49FB5029E721F5002FB9E6 /* .gitignore */; };
		ED49FB5329E721F5002FB9E6 /* README.md in Resources */ = {isa = PBXBuildFile; fileRef = ED49FB5129E721F5002FB9E6 /* README.md */; };
/* End PBXBuildFile section */

/* Begin PBXFileReference section */
		ED49FB3629E71E38002FB9E6 /* My Car Project.app */ = {isa = PBXFileReference; explicitFileType = wrapper.application; includeInIndex = 0; path = "My Car Project.app"; sourceTree = BUILT_PRODUCTS_DIR; };
		ED49FB3929E71E38002FB9E6 /* AppDelegate.swift */ = {isa = PBXFileReference; lastKnownFileType = sourcecode.swift; path = AppDelegate.swift; sourceTree = "<group>"; };
		ED49FB3B29E71E38002FB9E6 /* SceneDelegate.swift */ = {isa = PBXFileReference; lastKnownFileType = sourcecode.swift; path = SceneDelegate.swift; sourceTree = "<group>"; };
		ED49FB3D29E71E38002FB9E6 /* ViewController.swift */ = {isa = PBXFileReference; lastKnownFileType = sourcecode.swift; path = ViewController.swift; sourceTree = "<group>"; };
		ED49FB4329E71E38002FB9E6 /* My_Car_Project.xcdatamodel */ = {isa = PBXFileReference; lastKnownFileType = wrapper.xcdatamodel; path = My_Car_Project.xcdatamodel; sourceTree = "<group>"; };
		ED49FB4529E71E3A002FB9E6 /* Assets.xcassets */ = {isa = PBXFileReference; lastKnownFileType = folder.assetcatalog; path = Assets.xcassets; sourceTree = "<group>"; };
		ED49FB4829E71E3A002FB9E6 /* Base */ = {isa = PBXFileReference; lastKnownFileType = file.storyboard; name = Base; path = Base.lproj/LaunchScreen.storyboard; sourceTree = "<group>"; };
		ED49FB4A29E71E3A002FB9E6 /* Info.plist */ = {isa = PBXFileReference; lastKnownFileType = text.plist.xml; path = Info.plist; sourceTree = "<group>"; };
		ED49FB5029E721F5002FB9E6 /* .gitignore */ = {isa = PBXFileReference; fileEncoding = 4; lastKnownFileType = text; path = .gitignore; sourceTree = "<group>"; };
		ED49FB5129E721F5002FB9E6 /* README.md */ = {isa = PBXFileReference; fileEncoding = 4; lastKnownFileType = net.daringfireball.markdown; path = README.md; sourceTree = "<group>"; };
/* End PBXFileReference section */

/* Begin PBXFrameworksBuildPhase section */
		ED49FB3329E71E38002FB9E6 /* Frameworks */ = {
			isa = PBXFrameworksBuildPhase;
			buildActionMask = 2147483647;
			files = (
			);
			runOnlyForDeploymentPostprocessing = 0;
		};
/* End PBXFrameworksBuildPhase section */

/* Begin PBXGroup section */
		ED49FB2D29E71E37002FB9E6 = {
			isa = PBXGroup;
			children = (
				ED49FB3829E71E38002FB9E6 /* My Car Project */,
				ED49FB3729E71E38002FB9E6 /* Products */,
			);
			sourceTree = "<group>";
		};
		ED49FB3729E71E38002FB9E6 /* Products */ = {
			isa = PBXGroup;
			children = (
				ED49FB3629E71E38002FB9E6 /* My Car Project.app */,
			);
			name = Products;
			sourceTree = "<group>";
		};
		ED49FB3829E71E38002FB9E6 /* My Car Project */ = {
			isa = PBXGroup;
			children = (
				ED49FB3929E71E38002FB9E6 /* AppDelegate.swift */,
				ED49FB3B29E71E38002FB9E6 /* SceneDelegate.swift */,
				ED49FB3D29E71E38002FB9E6 /* ViewController.swift */,
				ED49FB4529E71E3A002FB9E6 /* Assets.xcassets */,
				ED49FB4729E71E3A002FB9E6 /* LaunchScreen.storyboard */,
				ED49FB4A29E71E3A002FB9E6 /* Info.plist */,
				ED49FB4229E71E38002FB9E6 /* My_Car_Project.xcdatamodeld */,
				ED49FB5029E721F5002FB9E6 /* .gitignore */,
				ED49FB5129E721F5002FB9E6 /* README.md */,
			);
			path = "My Car Project";
			sourceTree = "<group>";
		};
/* End PBXGroup section */

/* Begin PBXNativeTarget section */
		ED49FB3529E71E38002FB9E6 /* My Car Project */ = {
			isa = PBXNativeTarget;
			buildConfigurationList = ED49FB4D29E71E3A002FB9E6 /* Build configuration list for PBXNativeTarget "My Car Project" */;
			buildPhases = (
				ED49FB3229E71E38002FB9E6 /* Sources */,
				ED49FB3329E71E38002FB9E6 /* Frameworks */,
				ED49FB3429E71E38002FB9E6 /* Resources */,
			);
			buildRules = (
			);
			dependencies = (
			);
			name = "My Car Project";
			productName = "My Car Project";
			productReference = ED49FB3629E71E38002FB9E6 /* My Car Project.app */;
			productType = "com.apple.product-type.application";
		};
/* End PBXNativeTarget section */

/* Begin PBXProject section */
		ED49FB2E29E71E37002FB9E6 /* Project object */ = {
			isa = PBXProject;
			attributes = {
				BuildIndependentTargetsInParallel = 1;
				LastSwiftUpdateCheck = 1420;
				LastUpgradeCheck = 1420;
				TargetAttributes = {
					ED49FB3529E71E38002FB9E6 = {
						CreatedOnToolsVersion = 14.2;
					};
				};
			};
			buildConfigurationList = ED49FB3129E71E37002FB9E6 /* Build configuration list for PBXProject "My Car Project" */;
			compatibilityVersion = "Xcode 14.0";
			developmentRegion = en;
			hasScannedForEncodings = 0;
			knownRegions = (
				en,
				Base,
			);
			mainGroup = ED49FB2D29E71E37002FB9E6;
			productRefGroup = ED49FB3729E71E38002FB9E6 /* Products */;
			projectDirPath = "";
			projectRoot = "";
			targets = (
				ED49FB3529E71E38002FB9E6 /* My Car Project */,
			);
		};
/* End PBXProject section */

/* Begin PBXResourcesBuildPhase section */
		ED49FB3429E71E38002FB9E6 /* Resources */ = {
			isa = PBXResourcesBuildPhase;
			buildActionMask = 2147483647;
			files = (
				ED49FB4929E71E3A002FB9E6 /* LaunchScreen.storyboard in Resources */,
				ED49FB5229E721F5002FB9E6 /* .gitignore in Resources */,
				ED49FB5329E721F5002FB9E6 /* README.md in Resources */,
				ED49FB4629E71E3A002FB9E6 /* Assets.xcassets in Resources */,
			);
			runOnlyForDeploymentPostprocessing = 0;
		};
/* End PBXResourcesBuildPhase section */

/* Begin PBXSourcesBuildPhase section */
		ED49FB3229E71E38002FB9E6 /* Sources */ = {
			isa = PBXSourcesBuildPhase;
			buildActionMask = 2147483647;
			files = (
				ED49FB4429E71E38002FB9E6 /* My_Car_Project.xcdatamodeld in Sources */,
				ED49FB3E29E71E38002FB9E6 /* ViewController.swift in Sources */,
				ED49FB3A29E71E38002FB9E6 /* AppDelegate.swift in Sources */,
				ED49FB3C29E71E38002FB9E6 /* SceneDelegate.swift in Sources */,
			);
			runOnlyForDeploymentPostprocessing = 0;
		};
/* End PBXSourcesBuildPhase section */

/* Begin PBXVariantGroup section */
		ED49FB4729E71E3A002FB9E6 /* LaunchScreen.storyboard */ = {
			isa = PBXVariantGroup;
			children = (
				ED49FB4829E71E3A002FB9E6 /* Base */,
			);
			name = LaunchScreen.storyboard;
			sourceTree = "<group>";
		};
/* End PBXVariantGroup section */

/* Begin XCBuildConfiguration section */
		ED49FB4B29E71E3A002FB9E6 /* Debug */ = {
			isa = XCBuildConfiguration;
			buildSettings = {
				ALWAYS_SEARCH_USER_PATHS = NO;
				CLANG_ANALYZER_NONNULL = YES;
				CLANG_ANALYZER_NUMBER_OBJECT_CONVERSION = YES_AGGRESSIVE;
				CLANG_CXX_LANGUAGE_STANDARD = "gnu++20";
				CLANG_ENABLE_MODULES = YES;
				CLANG_ENABLE_OBJC_ARC = YES;
				CLANG_ENABLE_OBJC_WEAK = YES;
				CLANG_WARN_BLOCK_CAPTURE_AUTORELEASING = YES;
				CLANG_WARN_BOOL_CONVERSION = YES;
				CLANG_WARN_COMMA = YES;
				CLANG_WARN_CONSTANT_CONVERSION = YES;
				CLANG_WARN_DEPRECATED_OBJC_IMPLEMENTATIONS = YES;
				CLANG_WARN_DIRECT_OBJC_ISA_USAGE = YES_ERROR;
				CLANG_WARN_DOCUMENTATION_COMMENTS = YES;
				CLANG_WARN_EMPTY_BODY = YES;
				CLANG_WARN_ENUM_CONVERSION = YES;
				CLANG_WARN_INFINITE_RECURSION = YES;
				CLANG_WARN_INT_CONVERSION = YES;
				CLANG_WARN_NON_LITERAL_NULL_CONVERSION = YES;
				CLANG_WARN_OBJC_IMPLICIT_RETAIN_SELF = YES;
				CLANG_WARN_OBJC_LITERAL_CONVERSION = YES;
				CLANG_WARN_OBJC_ROOT_CLASS = YES_ERROR;
				CLANG_WARN_QUOTED_INCLUDE_IN_FRAMEWORK_HEADER = YES;
				CLANG_WARN_RANGE_LOOP_ANALYSIS = YES;
				CLANG_WARN_STRICT_PROTOTYPES = YES;
				CLANG_WARN_SUSPICIOUS_MOVE = YES;
				CLANG_WARN_UNGUARDED_AVAILABILITY = YES_AGGRESSIVE;
				CLANG_WARN_UNREACHABLE_CODE = YES;
				CLANG_WARN__DUPLICATE_METHOD_MATCH = YES;
				COPY_PHASE_STRIP = NO;
				DEBUG_INFORMATION_FORMAT = dwarf;
				ENABLE_STRICT_OBJC_MSGSEND = YES;
				ENABLE_TESTABILITY = YES;
				GCC_C_LANGUAGE_STANDARD = gnu11;
				GCC_DYNAMIC_NO_PIC = NO;
				GCC_NO_COMMON_BLOCKS = YES;
				GCC_OPTIMIZATION_LEVEL = 0;
				GCC_PREPROCESSOR_DEFINITIONS = (
					"DEBUG=1",
					"$(inherited)",
				);
				GCC_WARN_64_TO_32_BIT_CONVERSION = YES;
				GCC_WARN_ABOUT_RETURN_TYPE = YES_ERROR;
				GCC_WARN_UNDECLARED_SELECTOR = YES;
				GCC_WARN_UNINITIALIZED_AUTOS = YES_AGGRESSIVE;
				GCC_WARN_UNUSED_FUNCTION = YES;
				GCC_WARN_UNUSED_VARIABLE = YES;
				IPHONEOS_DEPLOYMENT_TARGET = 16.2;
				MTL_ENABLE_DEBUG_INFO = INCLUDE_SOURCE;
				MTL_FAST_MATH = YES;
				ONLY_ACTIVE_ARCH = YES;
				SDKROOT = iphoneos;
				SWIFT_ACTIVE_COMPILATION_CONDITIONS = DEBUG;
				SWIFT_OPTIMIZATION_LEVEL = "-Onone";
			};
			name = Debug;
		};
		ED49FB4C29E71E3A002FB9E6 /* Release */ = {
			isa = XCBuildConfiguration;
			buildSettings = {
				ALWAYS_SEARCH_USER_PATHS = NO;
				CLANG_ANALYZER_NONNULL = YES;
				CLANG_ANALYZER_NUMBER_OBJECT_CONVERSION = YES_AGGRESSIVE;
				CLANG_CXX_LANGUAGE_STANDARD = "gnu++20";
				CLANG_ENABLE_MODULES = YES;
				CLANG_ENABLE_OBJC_ARC = YES;
				CLANG_ENABLE_OBJC_WEAK = YES;
				CLANG_WARN_BLOCK_CAPTURE_AUTORELEASING = YES;
				CLANG_WARN_BOOL_CONVERSION = YES;
				CLANG_WARN_COMMA = YES;
				CLANG_WARN_CONSTANT_CONVERSION = YES;
				CLANG_WARN_DEPRECATED_OBJC_IMPLEMENTATIONS = YES;
				CLANG_WARN_DIRECT_OBJC_ISA_USAGE = YES_ERROR;
				CLANG_WARN_DOCUMENTATION_COMMENTS = YES;
				CLANG_WARN_EMPTY_BODY = YES;
				CLANG_WARN_ENUM_CONVERSION = YES;
				CLANG_WARN_INFINITE_RECURSION = YES;
				CLANG_WARN_INT_CONVERSION = YES;
				CLANG_WARN_NON_LITERAL_NULL_CONVERSION = YES;
				CLANG_WARN_OBJC_IMPLICIT_RETAIN_SELF = YES;
				CLANG_WARN_OBJC_LITERAL_CONVERSION = YES;
				CLANG_WARN_OBJC_ROOT_CLASS = YES_ERROR;
				CLANG_WARN_QUOTED_INCLUDE_IN_FRAMEWORK_HEADER = YES;
				CLANG_WARN_RANGE_LOOP_ANALYSIS = YES;
				CLANG_WARN_STRICT_PROTOTYPES = YES;
				CLANG_WARN_SUSPICIOUS_MOVE = YES;
				CLANG_WARN_UNGUARDED_AVAILABILITY = YES_AGGRESSIVE;
				CLANG_WARN_UNREACHABLE_CODE = YES;
				CLANG_WARN__DUPLICATE_METHOD_MATCH = YES;
				COPY_PHASE_STRIP = NO;
				DEBUG_INFORMATION_FORMAT = "dwarf-with-dsym";
				ENABLE_NS_ASSERTIONS = NO;
				ENABLE_STRICT_OBJC_MSGSEND = YES;
				GCC_C_LANGUAGE_STANDARD = gnu11;
				GCC_NO_COMMON_BLOCKS = YES;
				GCC_WARN_64_TO_32_BIT_CONVERSION = YES;
				GCC_WARN_ABOUT_RETURN_TYPE = YES_ERROR;
				GCC_WARN_UNDECLARED_SELECTOR = YES;
				GCC_WARN_UNINITIALIZED_AUTOS = YES_AGGRESSIVE;
				GCC_WARN_UNUSED_FUNCTION = YES;
				GCC_WARN_UNUSED_VARIABLE = YES;
				IPHONEOS_DEPLOYMENT_TARGET = 16.2;
				MTL_ENABLE_DEBUG_INFO = NO;
				MTL_FAST_MATH = YES;
				SDKROOT = iphoneos;
				SWIFT_COMPILATION_MODE = wholemodule;
				SWIFT_OPTIMIZATION_LEVEL = "-O";
				VALIDATE_PRODUCT = YES;
			};
			name = Release;
		};
		ED49FB4E29E71E3A002FB9E6 /* Debug */ = {
			isa = XCBuildConfiguration;
			buildSettings = {
				ASSETCATALOG_COMPILER_APPICON_NAME = AppIcon;
				ASSETCATALOG_COMPILER_GLOBAL_ACCENT_COLOR_NAME = AccentColor;
				CODE_SIGN_STYLE = Automatic;
				CURRENT_PROJECT_VERSION = 1;
				DEVELOPMENT_TEAM = WUPLHJKG9Y;
				GENERATE_INFOPLIST_FILE = YES;
				INFOPLIST_FILE = "My Car Project/Info.plist";
				INFOPLIST_KEY_UIApplicationSupportsIndirectInputEvents = YES;
				INFOPLIST_KEY_UILaunchStoryboardName = LaunchScreen;
				INFOPLIST_KEY_UIMainStoryboardFile = "";
				INFOPLIST_KEY_UISupportedInterfaceOrientations = UIInterfaceOrientationPortrait;
				INFOPLIST_KEY_UISupportedInterfaceOrientations_iPad = "UIInterfaceOrientationLandscapeLeft UIInterfaceOrientationLandscapeRight UIInterfaceOrientationPortrait UIInterfaceOrientationPortraitUpsideDown";
				LD_RUNPATH_SEARCH_PATHS = (
					"$(inherited)",
					"@executable_path/Frameworks",
				);
				MARKETING_VERSION = 1.0;
				PRODUCT_BUNDLE_IDENTIFIER = "ru.kirill.My-Car-Project";
				PRODUCT_NAME = "$(TARGET_NAME)";
				SWIFT_EMIT_LOC_STRINGS = YES;
				SWIFT_VERSION = 5.0;
				TARGETED_DEVICE_FAMILY = "1,2";
			};
			name = Debug;
		};
		ED49FB4F29E71E3A002FB9E6 /* Release */ = {
			isa = XCBuildConfiguration;
			buildSettings = {
				ASSETCATALOG_COMPILER_APPICON_NAME = AppIcon;
				ASSETCATALOG_COMPILER_GLOBAL_ACCENT_COLOR_NAME = AccentColor;
				CODE_SIGN_STYLE = Automatic;
				CURRENT_PROJECT_VERSION = 1;
				DEVELOPMENT_TEAM = WUPLHJKG9Y;
				GENERATE_INFOPLIST_FILE = YES;
				INFOPLIST_FILE = "My Car Project/Info.plist";
				INFOPLIST_KEY_UIApplicationSupportsIndirectInputEvents = YES;
				INFOPLIST_KEY_UILaunchStoryboardName = LaunchScreen;
				INFOPLIST_KEY_UIMainStoryboardFile = "";
				INFOPLIST_KEY_UISupportedInterfaceOrientations = UIInterfaceOrientationPortrait;
				INFOPLIST_KEY_UISupportedInterfaceOrientations_iPad = "UIInterfaceOrientationLandscapeLeft UIInterfaceOrientationLandscapeRight UIInterfaceOrientationPortrait UIInterfaceOrientationPortraitUpsideDown";
				LD_RUNPATH_SEARCH_PATHS = (
					"$(inherited)",
					"@executable_path/Frameworks",
				);
				MARKETING_VERSION = 1.0;
				PRODUCT_BUNDLE_IDENTIFIER = "ru.kirill.My-Car-Project";
				PRODUCT_NAME = "$(TARGET_NAME)";
				SWIFT_EMIT_LOC_STRINGS = YES;
				SWIFT_VERSION = 5.0;
				TARGETED_DEVICE_FAMILY = "1,2";
			};
			name = Release;
		};
/* End XCBuildConfiguration section */

/* Begin XCConfigurationList section */
		ED49FB3129E71E37002FB9E6 /* Build configuration list for PBXProject "My Car Project" */ = {
			isa = XCConfigurationList;
			buildConfigurations = (
				ED49FB4B29E71E3A002FB9E6 /* Debug */,
				ED49FB4C29E71E3A002FB9E6 /* Release */,
			);
			defaultConfigurationIsVisible = 0;
			defaultConfigurationName = Release;
		};
		ED49FB4D29E71E3A002FB9E6 /* Build configuration list for PBXNativeTarget "My Car Project" */ = {
			isa = XCConfigurationList;
			buildConfigurations = (
				ED49FB4E29E71E3A002FB9E6 /* Debug */,
				ED49FB4F29E71E3A002FB9E6 /* Release */,
			);
			defaultConfigurationIsVisible = 0;
			defaultConfigurationName = Release;
		};
/* End XCConfigurationList section */

/* Begin XCVersionGroup section */
		ED49FB4229E71E38002FB9E6 /* My_Car_Project.xcdatamodeld */ = {
			isa = XCVersionGroup;
			children = (
				ED49FB4329E71E38002FB9E6 /* My_Car_Project.xcdatamodel */,
			);
			currentVersion = ED49FB4329E71E38002FB9E6 /* My_Car_Project.xcdatamodel */;
			path = My_Car_Project.xcdatamodeld;
			sourceTree = "<group>";
			versionGroupType = wrapper.xcdatamodel;
		};
/* End XCVersionGroup section */
	};
	rootObject = ED49FB2E29E71E37002FB9E6 /* Project object */;
}
